
Microsoft Visual Studio Solution File, Format Version 12.00
# Visual Studio Version 16
VisualStudioVersion = 16.0.29613.14
MinimumVisualStudioVersion = 10.0.40219.1
Project("{FAE04EC0-301F-11D3-BF4B-00C04F79EFBC}") = "ShapesProject", "ShapesProject\ShapesProject.csproj", "{9F0C0853-46C7-4102-9A31-50F802B441C1}"
EndProject
Global
	GlobalSection(SolutionConfigurationPlatforms) = preSolution
		Debug|Any CPU = Debug|Any CPU
		Release|Any CPU = Release|Any CPU
	EndGlobalSection
	GlobalSection(ProjectConfigurationPlatforms) = postSolution
		{9F0C0853-46C7-4102-9A31-50F802B441C1}.Debug|Any CPU.ActiveCfg = Debug|Any CPU
		{9F0C0853-46C7-4102-9A31-50F802B441C1}.Debug|Any CPU.Build.0 = Debug|Any CPU
		{9F0C0853-46C7-4102-9A31-50F802B441C1}.Release|Any CPU.ActiveCfg = Release|Any CPU
		{9F0C0853-46C7-4102-9A31-50F802B441C1}.Release|Any CPU.Build.0 = Release|Any CPU
	EndGlobalSection
	GlobalSection(SolutionProperties) = preSolution
		HideSolutionNode = FALSE
	EndGlobalSection
	GlobalSection(ExtensibilityGlobals) = postSolution
		SolutionGuid = {D69D2E00-AB01-4EA3-BA58-BB482180D622}
	EndGlobalSection
EndGlobal
